Microsoft Visual Studio Solution File, Format Version 12.00
# Visual Studio Version 16
VisualStudioVersion = 16.0.28803.202
MinimumVisualStudioVersion = 10.0.40219.1
Project("{FAE04EC0-301F-11D3-BF4B-00C04F79EFBC}") = "Test-Website", "Test-Website\Test-Website.csproj", "{7FF8FCC9-7DD5-4DD2-8E34-16848BF77014}"
EndProject
Global
	GlobalSection(SolutionConfigurationPlatforms) = preSolution
		Debug|Any CPU = Debug|Any CPU
		Release|Any CPU = Release|Any CPU
	EndGlobalSection
	GlobalSection(ProjectConfigurationPlatforms) = postSolution
		{7FF8FCC9-7DD5-4DD2-8E34-16848BF77014}.Debug|Any CPU.ActiveCfg = Debug|Any CPU
		{7FF8FCC9-7DD5-4DD2-8E34-16848BF77014}.Debug|Any CPU.Build.0 = Debug|Any CPU
		{7FF8FCC9-7DD5-4DD2-8E34-16848BF77014}.Release|Any CPU.ActiveCfg = Release|Any CPU
		{7FF8FCC9-7DD5-4DD2-8E34-16848BF77014}.Release|Any CPU.Build.0 = Release|Any CPU
	EndGlobalSection
	GlobalSection(SolutionProperties) = preSolution
		HideSolutionNode = FALSE
	EndGlobalSection
	GlobalSection(ExtensibilityGlobals) = postSolution
		SolutionGuid = {39ED02CE-B17E-4B54-9BDA-350B6AA7AC4F}
	EndGlobalSection
EndGlobal
